
Microsoft Visual Studio Solution File, Format Version 12.00
# Visual Studio Version 16
VisualStudioVersion = 16.0.31025.194
MinimumVisualStudioVersion = 10.0.40219.1
Project("{FAE04EC0-301F-11D3-BF4B-00C04F79EFBC}") = "Graph_Backtracking", "Graph_Backtracking\Graph_Backtracking.csproj", "{CDD5DFE5-7C9B-472A-80A6-124D3F67F25B}"
EndProject
Global
	GlobalSection(SolutionConfigurationPlatforms) = preSolution
		Debug|Any CPU = Debug|Any CPU
		Release|Any CPU = Release|Any CPU
	EndGlobalSection
	GlobalSection(ProjectConfigurationPlatforms) = postSolution
		{CDD5DFE5-7C9B-472A-80A6-124D3F67F25B}.Debug|Any CPU.ActiveCfg = Debug|Any CPU
		{CDD5DFE5-7C9B-472A-80A6-124D3F67F25B}.Debug|Any CPU.Build.0 = Debug|Any CPU
		{CDD5DFE5-7C9B-472A-80A6-124D3F67F25B}.Release|Any CPU.ActiveCfg = Release|Any CPU
		{CDD5DFE5-7C9B-472A-80A6-124D3F67F25B}.Release|Any CPU.Build.0 = Release|Any CPU
	EndGlobalSection
	GlobalSection(SolutionProperties) = preSolution
		HideSolutionNode = FALSE
	EndGlobalSection
	GlobalSection(ExtensibilityGlobals) = postSolution
		SolutionGuid = {6F68A342-BF68-4B58-AACC-2E859D801368}
	EndGlobalSection
EndGlobal
